# This file is automatically @generated by Cargo.
# It is not intended for manual editing.
version = 3

[[package]]
name = "file-format"
version = "0.16.0"
source = "registry+https://github.com/rust-lang/crates.io-index"
checksum = "71a5df8a0f4b423e8bc25526b39852bf64dfb7bd734ed99ed343c5925762c9c8"

[[package]]
name = "file_renamer"
version = "0.1.0"
dependencies = [
 "file-format",
 "getopts",
]

[[package]]
name = "getopts"
version = "0.2.21"
source = "registry+https://github.com/rust-lang/crates.io-index"
checksum = "14dbbfd5c71d70241ecf9e6f13737f7b5ce823821063188d7e46c41d371eebd5"
dependencies = [
 "unicode-width",
]

[[package]]
name = "unicode-width"
version = "0.1.10"
source = "registry+https://github.com/rust-lang/crates.io-index"
checksum = "c0edd1e5b14653f783770bce4a4dabb4a5108a5370a5f5d8cfe8710c361f6c8b"
